// !$*UTF8*$!
{
	archiveVersion = 1;
	classes = {
	};
	objectVersion = 46;
	objects = {

/* Begin PBXBuildFile section */
		75D4BD831B0DBCB2006E2FC9 /* main.m in Sources */ = {isa = PBXBuildFile; fileRef = 75D4BD821B0DBCB2006E2FC9 /* main.m */; };
		75D4BD861B0DBCB2006E2FC9 /* AppDelegate.m in Sources */ = {isa = PBXBuildFile; fileRef = 75D4BD851B0DBCB2006E2FC9 /* AppDelegate.m */; };
		75D4BD891B0DBCB2006E2FC9 /* ViewController.m in Sources */ = {isa = PBXBuildFile; fileRef = 75D4BD881B0DBCB2006E2FC9 /* ViewController.m */; };
		75D4BD8C1B0DBCB2006E2FC9 /* Main.storyboard in Resources */ = {isa = PBXBuildFile; fileRef = 75D4BD8A1B0DBCB2006E2FC9 /* Main.storyboard */; };
		75D4BD8E1B0DBCB2006E2FC9 /* Images.xcassets in Resources */ = {isa = PBXBuildFile; fileRef = 75D4BD8D1B0DBCB2006E2FC9 /* Images.xcassets */; };
		75D4BD911B0DBCB2006E2FC9 /* LaunchScreen.xib in Resources */ = {isa = PBXBuildFile; fileRef = 75D4BD8F1B0DBCB2006E2FC9 /* LaunchScreen.xib */; };
		75D4BD9D1B0DBCB2006E2FC9 /* WatchKitMapViewTests.m in Sources */ = {isa = PBXBuildFile; fileRef = 75D4BD9C1B0DBCB2006E2FC9 /* WatchKitMapViewTests.m */; };
		75D4BDB01B0DBD14006E2FC9 /* InterfaceController.m in Sources */ = {isa = PBXBuildFile; fileRef = 75D4BDAF1B0DBD14006E2FC9 /* InterfaceController.m */; };
		75D4BDB21B0DBD14006E2FC9 /* Images.xcassets in Resources */ = {isa = PBXBuildFile; fileRef = 75D4BDB11B0DBD14006E2FC9 /* Images.xcassets */; };
		75D4BDB61B0DBD15006E2FC9 /* WatchKitMapView WatchKit App.app in Resources */ = {isa = PBXBuildFile; fileRef = 75D4BDB51B0DBD15006E2FC9 /* WatchKitMapView WatchKit App.app */; };
		75D4BDBE1B0DBD15006E2FC9 /* Interface.storyboard in Resources */ = {isa = PBXBuildFile; fileRef = 75D4BDBC1B0DBD15006E2FC9 /* Interface.storyboard */; };
		75D4BDC01B0DBD15006E2FC9 /* Images.xcassets in Resources */ = {isa = PBXBuildFile; fileRef = 75D4BDBF1B0DBD15006E2FC9 /* Images.xcassets */; };
		75D4BDC31B0DBD15006E2FC9 /* WatchKitMapView WatchKit Extension.appex in Embed App Extensions */ = {isa = PBXBuildFile; fileRef = 75D4BDAA1B0DBD14006E2FC9 /* WatchKitMapView WatchKit Extension.appex */; settings = {ATTRIBUTES = (RemoveHeadersOnCopy, ); }; };
		75D4BDCC1B0DBD65006E2FC9 /* MapKit.framework in Frameworks */ = {isa = PBXBuildFile; fileRef = 75D4BDCB1B0DBD65006E2FC9 /* MapKit.framework */; };
		75D4BDCE1B0DBDA7006E2FC9 /* CoreLocation.framework in Frameworks */ = {isa = PBXBuildFile; fileRef = 75D4BDCD1B0DBDA7006E2FC9 /* CoreLocation.framework */; };
/* End PBXBuildFile section */

/* Begin PBXContainerItemProxy section */
		75D4BD971B0DBCB2006E2FC9 /* PBXContainerItemProxy */ = {
			isa = PBXContainerItemProxy;
			containerPortal = 75D4BD751B0DBCB2006E2FC9 /* Project object */;
			proxyType = 1;
			remoteGlobalIDString = 75D4BD7C1B0DBCB2006E2FC9;
			remoteInfo = WatchKitMapView;
		};
		75D4BDB71B0DBD15006E2FC9 /* PBXContainerItemProxy */ = {
			isa = PBXContainerItemProxy;
			containerPortal = 75D4BD751B0DBCB2006E2FC9 /* Project object */;
			proxyType = 1;
			remoteGlobalIDString = 75D4BDB41B0DBD15006E2FC9;
			remoteInfo = "WatchKitMapView WatchKit App";
		};
		75D4BDC11B0DBD15006E2FC9 /* PBXContainerItemProxy */ = {
			isa = PBXContainerItemProxy;
			containerPortal = 75D4BD751B0DBCB2006E2FC9 /* Project object */;
			proxyType = 1;
			remoteGlobalIDString = 75D4BDA91B0DBD14006E2FC9;
			remoteInfo = "WatchKitMapView WatchKit Extension";
		};
/* End PBXContainerItemProxy section */

/* Begin PBXCopyFilesBuildPhase section */
		75D4BDCA1B0DBD15006E2FC9 /* Embed App Extensions */ = {
			isa = PBXCopyFilesBuildPhase;
			buildActionMask = 2147483647;
			dstPath = "";
			dstSubfolderSpec = 13;
			files = (
				75D4BDC31B0DBD15006E2FC9 /* WatchKitMapView WatchKit Extension.appex in Embed App Extensions */,
			);
			name = "Embed App Extensions";
			runOnlyForDeploymentPostprocessing = 0;
		};
/* End PBXCopyFilesBuildPhase section */

/* Begin PBXFileReference section */
		75D4BD7D1B0DBCB2006E2FC9 /* WatchKitMapView.app */ = {isa = PBXFileReference; explicitFileType = wrapper.application; includeInIndex = 0; path = WatchKitMapView.app; sourceTree = BUILT_PRODUCTS_DIR; };
		75D4BD811B0DBCB2006E2FC9 /* Info.plist */ = {isa = PBXFileReference; lastKnownFileType = text.plist.xml; path = Info.plist; sourceTree = "<group>"; };
		75D4BD821B0DBCB2006E2FC9 /* main.m */ = {isa = PBXFileReference; lastKnownFileType = sourcecode.c.objc; path = main.m; sourceTree = "<group>"; };
		75D4BD841B0DBCB2006E2FC9 /* AppDelegate.h */ = {isa = PBXFileReference; lastKnownFileType = sourcecode.c.h; path = AppDelegate.h; sourceTree = "<group>"; };
		75D4BD851B0DBCB2006E2FC9 /* AppDelegate.m */ = {isa = PBXFileReference; lastKnownFileType = sourcecode.c.objc; path = AppDelegate.m; sourceTree = "<group>"; };
		75D4BD871B0DBCB2006E2FC9 /* ViewController.h */ = {isa = PBXFileReference; lastKnownFileType = sourcecode.c.h; path = ViewController.h; sourceTree = "<group>"; };
		75D4BD881B0DBCB2006E2FC9 /* ViewController.m */ = {isa = PBXFileReference; lastKnownFileType = sourcecode.c.objc; path = ViewController.m; sourceTree = "<group>"; };
		75D4BD8B1B0DBCB2006E2FC9 /* Base */ = {isa = PBXFileReference; lastKnownFileType = file.storyboard; name = Base; path = Base.lproj/Main.storyboard; sourceTree = "<group>"; };
		75D4BD8D1B0DBCB2006E2FC9 /* Images.xcassets */ = {isa = PBXFileReference; lastKnownFileType = folder.assetcatalog; path = Images.xcassets; sourceTree = "<group>"; };
		75D4BD901B0DBCB2006E2FC9 /* Base */ = {isa = PBXFileReference; lastKnownFileType = file.xib; name = Base; path = Base.lproj/LaunchScreen.xib; sourceTree = "<group>"; };
		75D4BD961B0DBCB2006E2FC9 /* WatchKitMapViewTests.xctest */ = {isa = PBXFileReference; explicitFileType = wrapper.cfbundle; includeInIndex = 0; path = WatchKitMapViewTests.xctest; sourceTree = BUILT_PRODUCTS_DIR; };
		75D4BD9B1B0DBCB2006E2FC9 /* Info.plist */ = {isa = PBXFileReference; lastKnownFileType = text.plist.xml; path = Info.plist; sourceTree = "<group>"; };
		75D4BD9C1B0DBCB2006E2FC9 /* WatchKitMapViewTests.m */ = {isa = PBXFileReference; lastKnownFileType = sourcecode.c.objc; path = WatchKitMapViewTests.m; sourceTree = "<group>"; };
		75D4BDAA1B0DBD14006E2FC9 /* WatchKitMapView WatchKit Extension.appex */ = {isa = PBXFileReference; explicitFileType = "wrapper.app-extension"; includeInIndex = 0; path = "WatchKitMapView WatchKit Extension.appex"; sourceTree = BUILT_PRODUCTS_DIR; };
		75D4BDAD1B0DBD14006E2FC9 /* Info.plist */ = {isa = PBXFileReference; lastKnownFileType = text.plist.xml; path = Info.plist; sourceTree = "<group>"; };
		75D4BDAE1B0DBD14006E2FC9 /* InterfaceController.h */ = {isa = PBXFileReference; lastKnownFileType = sourcecode.c.h; path = InterfaceController.h; sourceTree = "<group>"; };
		75D4BDAF1B0DBD14006E2FC9 /* InterfaceController.m */ = {isa = PBXFileReference; lastKnownFileType = sourcecode.c.objc; path = InterfaceController.m; sourceTree = "<group>"; };
		75D4BDB11B0DBD14006E2FC9 /* Images.xcassets */ = {isa = PBXFileReference; lastKnownFileType = folder.assetcatalog; path = Images.xcassets; sourceTree = "<group>"; };
		75D4BDB51B0DBD15006E2FC9 /* WatchKitMapView WatchKit App.app */ = {isa = PBXFileReference; explicitFileType = wrapper.application; includeInIndex = 0; path = "WatchKitMapView WatchKit App.app"; sourceTree = BUILT_PRODUCTS_DIR; };
		75D4BDBB1B0DBD15006E2FC9 /* Info.plist */ = {isa = PBXFileReference; lastKnownFileType = text.plist.xml; path = Info.plist; sourceTree = "<group>"; };
		75D4BDBD1B0DBD15006E2FC9 /* Base */ = {isa = PBXFileReference; lastKnownFileType = file.storyboard; name = Base; path = Base.lproj/Interface.storyboard; sourceTree = "<group>"; };
		75D4BDBF1B0DBD15006E2FC9 /* Images.xcassets */ = {isa = PBXFileReference; lastKnownFileType = folder.assetcatalog; path = Images.xcassets; sourceTree = "<group>"; };
		75D4BDCB1B0DBD65006E2FC9 /* MapKit.framework */ = {isa = PBXFileReference; lastKnownFileType = wrapper.framework; name = MapKit.framework; path = System/Library/Frameworks/MapKit.framework; sourceTree = SDKROOT; };
		75D4BDCD1B0DBDA7006E2FC9 /* CoreLocation.framework */ = {isa = PBXFileReference; lastKnownFileType = wrapper.framework; name = CoreLocation.framework; path = System/Library/Frameworks/CoreLocation.framework; sourceTree = SDKROOT; };
/* End PBXFileReference section */

/* Begin PBXFrameworksBuildPhase section */
		75D4BD7A1B0DBCB2006E2FC9 /* Frameworks */ = {
			isa = PBXFrameworksBuildPhase;
			buildActionMask = 2147483647;
			files = (
			);
			runOnlyForDeploymentPostprocessing = 0;
		};
		75D4BD931B0DBCB2006E2FC9 /* Frameworks */ = {
			isa = PBXFrameworksBuildPhase;
			buildActionMask = 2147483647;
			files = (
			);
			runOnlyForDeploymentPostprocessing = 0;
		};
		75D4BDA71B0DBD14006E2FC9 /* Frameworks */ = {
			isa = PBXFrameworksBuildPhase;
			buildActionMask = 2147483647;
			files = (
				75D4BDCE1B0DBDA7006E2FC9 /* CoreLocation.framework in Frameworks */,
				75D4BDCC1B0DBD65006E2FC9 /* MapKit.framework in Frameworks */,
			);
			runOnlyForDeploymentPostprocessing = 0;
		};
/* End PBXFrameworksBuildPhase section */

/* Begin PBXGroup section */
		75D4BD741B0DBCB2006E2FC9 = {
			isa = PBXGroup;
			children = (
				75D4BDCD1B0DBDA7006E2FC9 /* CoreLocation.framework */,
				75D4BDCB1B0DBD65006E2FC9 /* MapKit.framework */,
				75D4BD7F1B0DBCB2006E2FC9 /* WatchKitMapView */,
				75D4BD991B0DBCB2006E2FC9 /* WatchKitMapViewTests */,
				75D4BDAB1B0DBD14006E2FC9 /* WatchKitMapView WatchKit Extension */,
				75D4BDB91B0DBD15006E2FC9 /* WatchKitMapView WatchKit App */,
				75D4BD7E1B0DBCB2006E2FC9 /* Products */,
			);
			sourceTree = "<group>";
		};
		75D4BD7E1B0DBCB2006E2FC9 /* Products */ = {
			isa = PBXGroup;
			children = (
				75D4BD7D1B0DBCB2006E2FC9 /* WatchKitMapView.app */,
				75D4BD961B0DBCB2006E2FC9 /* WatchKitMapViewTests.xctest */,
				75D4BDAA1B0DBD14006E2FC9 /* WatchKitMapView WatchKit Extension.appex */,
				75D4BDB51B0DBD15006E2FC9 /* WatchKitMapView WatchKit App.app */,
			);
			name = Products;
			sourceTree = "<group>";
		};
		75D4BD7F1B0DBCB2006E2FC9 /* WatchKitMapView */ = {
			isa = PBXGroup;
			children = (
				75D4BD841B0DBCB2006E2FC9 /* AppDelegate.h */,
				75D4BD851B0DBCB2006E2FC9 /* AppDelegate.m */,
				75D4BD871B0DBCB2006E2FC9 /* ViewController.h */,
				75D4BD881B0DBCB2006E2FC9 /* ViewController.m */,
				75D4BD8A1B0DBCB2006E2FC9 /* Main.storyboard */,
				75D4BD8D1B0DBCB2006E2FC9 /* Images.xcassets */,
				75D4BD8F1B0DBCB2006E2FC9 /* LaunchScreen.xib */,
				75D4BD801B0DBCB2006E2FC9 /* Supporting Files */,
			);
			path = WatchKitMapView;
			sourceTree = "<group>";
		};
		75D4BD801B0DBCB2006E2FC9 /* Supporting Files */ = {
			isa = PBXGroup;
			children = (
				75D4BD811B0DBCB2006E2FC9 /* Info.plist */,
				75D4BD821B0DBCB2006E2FC9 /* main.m */,
			);
			name = "Supporting Files";
			sourceTree = "<group>";
		};
		75D4BD991B0DBCB2006E2FC9 /* WatchKitMapViewTests */ = {
			isa = PBXGroup;
			children = (
				75D4BD9C1B0DBCB2006E2FC9 /* WatchKitMapViewTests.m */,
				75D4BD9A1B0DBCB2006E2FC9 /* Supporting Files */,
			);
			path = WatchKitMapViewTests;
			sourceTree = "<group>";
		};
		75D4BD9A1B0DBCB2006E2FC9 /* Supporting Files */ = {
			isa = PBXGroup;
			children = (
				75D4BD9B1B0DBCB2006E2FC9 /* Info.plist */,
			);
			name = "Supporting Files";
			sourceTree = "<group>";
		};
		75D4BDAB1B0DBD14006E2FC9 /* WatchKitMapView WatchKit Extension */ = {
			isa = PBXGroup;
			children = (
				75D4BDAE1B0DBD14006E2FC9 /* InterfaceController.h */,
				75D4BDAF1B0DBD14006E2FC9 /* InterfaceController.m */,
				75D4BDB11B0DBD14006E2FC9 /* Images.xcassets */,
				75D4BDAC1B0DBD14006E2FC9 /* Supporting Files */,
			);
			path = "WatchKitMapView WatchKit Extension";
			sourceTree = "<group>";
		};
		75D4BDAC1B0DBD14006E2FC9 /* Supporting Files */ = {
			isa = PBXGroup;
			children = (
				75D4BDAD1B0DBD14006E2FC9 /* Info.plist */,
			);
			name = "Supporting Files";
			sourceTree = "<group>";
		};
		75D4BDB91B0DBD15006E2FC9 /* WatchKitMapView WatchKit App */ = {
			isa = PBXGroup;
			children = (
				75D4BDBC1B0DBD15006E2FC9 /* Interface.storyboard */,
				75D4BDBF1B0DBD15006E2FC9 /* Images.xcassets */,
				75D4BDBA1B0DBD15006E2FC9 /* Supporting Files */,
			);
			path = "WatchKitMapView WatchKit App";
			sourceTree = "<group>";
		};
		75D4BDBA1B0DBD15006E2FC9 /* Supporting Files */ = {
			isa = PBXGroup;
			children = (
				75D4BDBB1B0DBD15006E2FC9 /* Info.plist */,
			);
			name = "Supporting Files";
			sourceTree = "<group>";
		};
/* End PBXGroup section */

/* Begin PBXNativeTarget section */
		75D4BD7C1B0DBCB2006E2FC9 /* WatchKitMapView */ = {
			isa = PBXNativeTarget;
			buildConfigurationList = 75D4BDA01B0DBCB2006E2FC9 /* Build configuration list for PBXNativeTarget "WatchKitMapView" */;
			buildPhases = (
				75D4BD791B0DBCB2006E2FC9 /* Sources */,
				75D4BD7A1B0DBCB2006E2FC9 /* Frameworks */,
				75D4BD7B1B0DBCB2006E2FC9 /* Resources */,
				75D4BDCA1B0DBD15006E2FC9 /* Embed App Extensions */,
			);
			buildRules = (
			);
			dependencies = (
				75D4BDC21B0DBD15006E2FC9 /* PBXTargetDependency */,
			);
			name = WatchKitMapView;
			productName = WatchKitMapView;
			productReference = 75D4BD7D1B0DBCB2006E2FC9 /* WatchKitMapView.app */;
			productType = "com.apple.product-type.application";
		};
		75D4BD951B0DBCB2006E2FC9 /* WatchKitMapViewTests */ = {
			isa = PBXNativeTarget;
			buildConfigurationList = 75D4BDA31B0DBCB2006E2FC9 /* Build configuration list for PBXNativeTarget "WatchKitMapViewTests" */;
			buildPhases = (
				75D4BD921B0DBCB2006E2FC9 /* Sources */,
				75D4BD931B0DBCB2006E2FC9 /* Frameworks */,
				75D4BD941B0DBCB2006E2FC9 /* Resources */,
			);
			buildRules = (
			);
			dependencies = (
				75D4BD981B0DBCB2006E2FC9 /* PBXTargetDependency */,
			);
			name = WatchKitMapViewTests;
			productName = WatchKitMapViewTests;
			productReference = 75D4BD961B0DBCB2006E2FC9 /* WatchKitMapViewTests.xctest */;
			productType = "com.apple.product-type.bundle.unit-test";
		};
		75D4BDA91B0DBD14006E2FC9 /* WatchKitMapView WatchKit Extension */ = {
			isa = PBXNativeTarget;
			buildConfigurationList = 75D4BDC71B0DBD15006E2FC9 /* Build configuration list for PBXNativeTarget "WatchKitMapView WatchKit Extension" */;
			buildPhases = (
				75D4BDA61B0DBD14006E2FC9 /* Sources */,
				75D4BDA71B0DBD14006E2FC9 /* Frameworks */,
				75D4BDA81B0DBD14006E2FC9 /* Resources */,
			);
			buildRules = (
			);
			dependencies = (
				75D4BDB81B0DBD15006E2FC9 /* PBXTargetDependency */,
			);
			name = "WatchKitMapView WatchKit Extension";
			productName = "WatchKitMapView WatchKit Extension";
			productReference = 75D4BDAA1B0DBD14006E2FC9 /* WatchKitMapView WatchKit Extension.appex */;
			productType = "com.apple.product-type.watchkit-extension";
		};
		75D4BDB41B0DBD15006E2FC9 /* WatchKitMapView WatchKit App */ = {
			isa = PBXNativeTarget;
			buildConfigurationList = 75D4BDC41B0DBD15006E2FC9 /* Build configuration list for PBXNativeTarget "WatchKitMapView WatchKit App" */;
			buildPhases = (
				75D4BDB31B0DBD15006E2FC9 /* Resources */,
			);
			buildRules = (
			);
			dependencies = (
			);
			name = "WatchKitMapView WatchKit App";
			productName = "WatchKitMapView WatchKit App";
			productReference = 75D4BDB51B0DBD15006E2FC9 /* WatchKitMapView WatchKit App.app */;
			productType = "com.apple.product-type.application.watchapp";
		};
/* End PBXNativeTarget section */

/* Begin PBXProject section */
		75D4BD751B0DBCB2006E2FC9 /* Project object */ = {
			isa = PBXProject;
			attributes = {
				LastUpgradeCheck = 0630;
				ORGANIZATIONNAME = "Than Dang";
				TargetAttributes = {
					75D4BD7C1B0DBCB2006E2FC9 = {
						CreatedOnToolsVersion = 6.3;
					};
					75D4BD951B0DBCB2006E2FC9 = {
						CreatedOnToolsVersion = 6.3;
						TestTargetID = 75D4BD7C1B0DBCB2006E2FC9;
					};
					75D4BDA91B0DBD14006E2FC9 = {
						CreatedOnToolsVersion = 6.3;
					};
					75D4BDB41B0DBD15006E2FC9 = {
						CreatedOnToolsVersion = 6.3;
					};
				};
			};
			buildConfigurationList = 75D4BD781B0DBCB2006E2FC9 /* Build configuration list for PBXProject "WatchKitMapView" */;
			compatibilityVersion = "Xcode 3.2";
			developmentRegion = English;
			hasScannedForEncodings = 0;
			knownRegions = (
				en,
				Base,
			);
			mainGroup = 75D4BD741B0DBCB2006E2FC9;
			productRefGroup = 75D4BD7E1B0DBCB2006E2FC9 /* Products */;
			projectDirPath = "";
			projectRoot = "";
			targets = (
				75D4BD7C1B0DBCB2006E2FC9 /* WatchKitMapView */,
				75D4BD951B0DBCB2006E2FC9 /* WatchKitMapViewTests */,
				75D4BDA91B0DBD14006E2FC9 /* WatchKitMapView WatchKit Extension */,
				75D4BDB41B0DBD15006E2FC9 /* WatchKitMapView WatchKit App */,
			);
		};
/* End PBXProject section */

/* Begin PBXResourcesBuildPhase section */
		75D4BD7B1B0DBCB2006E2FC9 /* Resources */ = {
			isa = PBXResourcesBuildPhase;
			buildActionMask = 2147483647;
			files = (
				75D4BD8C1B0DBCB2006E2FC9 /* Main.storyboard in Resources */,
				75D4BD911B0DBCB2006E2FC9 /* LaunchScreen.xib in Resources */,
				75D4BD8E1B0DBCB2006E2FC9 /* Images.xcassets in Resources */,
			);
			runOnlyForDeploymentPostprocessing = 0;
		};
		75D4BD941B0DBCB2006E2FC9 /* Resources */ = {
			isa = PBXResourcesBuildPhase;
			buildActionMask = 2147483647;
			files = (
			);
			runOnlyForDeploymentPostprocessing = 0;
		};
		75D4BDA81B0DBD14006E2FC9 /* Resources */ = {
			isa = PBXResourcesBuildPhase;
			buildActionMask = 2147483647;
			files = (
				75D4BDB61B0DBD15006E2FC9 /* WatchKitMapView WatchKit App.app in Resources */,
				75D4BDB21B0DBD14006E2FC9 /* Images.xcassets in Resources */,
			);
			runOnlyForDeploymentPostprocessing = 0;
		};
		75D4BDB31B0DBD15006E2FC9 /* Resources */ = {
			isa = PBXResourcesBuildPhase;
			buildActionMask = 2147483647;
			files = (
				75D4BDBE1B0DBD15006E2FC9 /* Interface.storyboard in Resources */,
				75D4BDC01B0DBD15006E2FC9 /* Images.xcassets in Resources */,
			);
			runOnlyForDeploymentPostprocessing = 0;
		};
/* End PBXResourcesBuildPhase section */

/* Begin PBXSourcesBuildPhase section */
		75D4BD791B0DBCB2006E2FC9 /* Sources */ = {
			isa = PBXSourcesBuildPhase;
			buildActionMask = 2147483647;
			files = (
				75D4BD891B0DBCB2006E2FC9 /* ViewController.m in Sources */,
				75D4BD861B0DBCB2006E2FC9 /* AppDelegate.m in Sources */,
				75D4BD831B0DBCB2006E2FC9 /* main.m in Sources */,
			);
			runOnlyForDeploymentPostprocessing = 0;
		};
		75D4BD921B0DBCB2006E2FC9 /* Sources */ = {
			isa = PBXSourcesBuildPhase;
			buildActionMask = 2147483647;
			files = (
				75D4BD9D1B0DBCB2006E2FC9 /* WatchKitMapViewTests.m in Sources */,
			);
			runOnlyForDeploymentPostprocessing = 0;
		};
		75D4BDA61B0DBD14006E2FC9 /* Sources */ = {
			isa = PBXSourcesBuildPhase;
			buildActionMask = 2147483647;
			files = (
				75D4BDB01B0DBD14006E2FC9 /* InterfaceController.m in Sources */,
			);
			runOnlyForDeploymentPostprocessing = 0;
		};
/* End PBXSourcesBuildPhase section */

/* Begin PBXTargetDependency section */
		75D4BD981B0DBCB2006E2FC9 /* PBXTargetDependency */ = {
			isa = PBXTargetDependency;
			target = 75D4BD7C1B0DBCB2006E2FC9 /* WatchKitMapView */;
			targetProxy = 75D4BD971B0DBCB2006E2FC9 /* PBXContainerItemProxy */;
		};
		75D4BDB81B0DBD15006E2FC9 /* PBXTargetDependency */ = {
			isa = PBXTargetDependency;
			target = 75D4BDB41B0DBD15006E2FC9 /* WatchKitMapView WatchKit App */;
			targetProxy = 75D4BDB71B0DBD15006E2FC9 /* PBXContainerItemProxy */;
		};
		75D4BDC21B0DBD15006E2FC9 /* PBXTargetDependency */ = {
			isa = PBXTargetDependency;
			target = 75D4BDA91B0DBD14006E2FC9 /* WatchKitMapView WatchKit Extension */;
			targetProxy = 75D4BDC11B0DBD15006E2FC9 /* PBXContainerItemProxy */;
		};
/* End PBXTargetDependency section */

/* Begin PBXVariantGroup section */
		75D4BD8A1B0DBCB2006E2FC9 /* Main.storyboard */ = {
			isa = PBXVariantGroup;
			children = (
				75D4BD8B1B0DBCB2006E2FC9 /* Base */,
			);
			name = Main.storyboard;
			sourceTree = "<group>";
		};
		75D4BD8F1B0DBCB2006E2FC9 /* LaunchScreen.xib */ = {
			isa = PBXVariantGroup;
			children = (
				75D4BD901B0DBCB2006E2FC9 /* Base */,
			);
			name = LaunchScreen.xib;
			sourceTree = "<group>";
		};
		75D4BDBC1B0DBD15006E2FC9 /* Interface.storyboard */ = {
			isa = PBXVariantGroup;
			children = (
				75D4BDBD1B0DBD15006E2FC9 /* Base */,
			);
			name = Interface.storyboard;
			sourceTree = "<group>";
		};
/* End PBXVariantGroup section */

/* Begin XCBuildConfiguration section */
		75D4BD9E1B0DBCB2006E2FC9 /* Debug */ = {
			isa = XCBuildConfiguration;
			buildSettings = {
				ALWAYS_SEARCH_USER_PATHS = NO;
				CLANG_CXX_LANGUAGE_STANDARD = "gnu++0x";
				CLANG_CXX_LIBRARY = "libc++";
				CLANG_ENABLE_MODULES = YES;
				CLANG_ENABLE_OBJC_ARC = YES;
				CLANG_WARN_BOOL_CONVERSION = YES;
				CLANG_WARN_CONSTANT_CONVERSION = YES;
				CLANG_WARN_DIRECT_OBJC_ISA_USAGE = YES_ERROR;
				CLANG_WARN_EMPTY_BODY = YES;
				CLANG_WARN_ENUM_CONVERSION = YES;
				CLANG_WARN_INT_CONVERSION = YES;
				CLANG_WARN_OBJC_ROOT_CLASS = YES_ERROR;
				CLANG_WARN_UNREACHABLE_CODE = YES;
				CLANG_WARN__DUPLICATE_METHOD_MATCH = YES;
				"CODE_SIGN_IDENTITY[sdk=iphoneos*]" = "iPhone Developer";
				COPY_PHASE_STRIP = NO;
				DEBUG_INFORMATION_FORMAT = "dwarf-with-dsym";
				ENABLE_STRICT_OBJC_MSGSEND = YES;
				GCC_C_LANGUAGE_STANDARD = gnu99;
				GCC_DYNAMIC_NO_PIC = NO;
				GCC_NO_COMMON_BLOCKS = YES;
				GCC_OPTIMIZATION_LEVEL = 0;
				GCC_PREPROCESSOR_DEFINITIONS = (
					"DEBUG=1",
					"$(inherited)",
				);
				GCC_SYMBOLS_PRIVATE_EXTERN = NO;
				GCC_WARN_64_TO_32_BIT_CONVERSION = YES;
				GCC_WARN_ABOUT_RETURN_TYPE = YES_ERROR;
				GCC_WARN_UNDECLARED_SELECTOR = YES;
				GCC_WARN_UNINITIALIZED_AUTOS = YES_AGGRESSIVE;
				GCC_WARN_UNUSED_FUNCTION = YES;
				GCC_WARN_UNUSED_VARIABLE = YES;
				IPHONEOS_DEPLOYMENT_TARGET = 8.3;
				MTL_ENABLE_DEBUG_INFO = YES;
				ONLY_ACTIVE_ARCH = YES;
				SDKROOT = iphoneos;
				TARGETED_DEVICE_FAMILY = "1,2";
			};
			name = Debug;
		};
		75D4BD9F1B0DBCB2006E2FC9 /* Release */ = {
			isa = XCBuildConfiguration;
			buildSettings = {
				ALWAYS_SEARCH_USER_PATHS = NO;
				CLANG_CXX_LANGUAGE_STANDARD = "gnu++0x";
				CLANG_CXX_LIBRARY = "libc++";
				CLANG_ENABLE_MODULES = YES;
				CLANG_ENABLE_OBJC_ARC = YES;
				CLANG_WARN_BOOL_CONVERSION = YES;
				CLANG_WARN_CONSTANT_CONVERSION = YES;
				CLANG_WARN_DIRECT_OBJC_ISA_USAGE = YES_ERROR;
				CLANG_WARN_EMPTY_BODY = YES;
				CLANG_WARN_ENUM_CONVERSION = YES;
				CLANG_WARN_INT_CONVERSION = YES;
				CLANG_WARN_OBJC_ROOT_CLASS = YES_ERROR;
				CLANG_WARN_UNREACHABLE_CODE = YES;
				CLANG_WARN__DUPLICATE_METHOD_MATCH = YES;
				"CODE_SIGN_IDENTITY[sdk=iphoneos*]" = "iPhone Developer";
				COPY_PHASE_STRIP = NO;
				DEBUG_INFORMATION_FORMAT = "dwarf-with-dsym";
				ENABLE_NS_ASSERTIONS = NO;
				ENABLE_STRICT_OBJC_MSGSEND = YES;
				GCC_C_LANGUAGE_STANDARD = gnu99;
				GCC_NO_COMMON_BLOCKS = YES;
				GCC_WARN_64_TO_32_BIT_CONVERSION = YES;
				GCC_WARN_ABOUT_RETURN_TYPE = YES_ERROR;
				GCC_WARN_UNDECLARED_SELECTOR = YES;
				GCC_WARN_UNINITIALIZED_AUTOS = YES_AGGRESSIVE;
				GCC_WARN_UNUSED_FUNCTION = YES;
				GCC_WARN_UNUSED_VARIABLE = YES;
				IPHONEOS_DEPLOYMENT_TARGET = 8.3;
				MTL_ENABLE_DEBUG_INFO = NO;
				SDKROOT = iphoneos;
				TARGETED_DEVICE_FAMILY = "1,2";
				VALIDATE_PRODUCT = YES;
			};
			name = Release;
		};
		75D4BDA11B0DBCB2006E2FC9 /* Debug */ = {
			isa = XCBuildConfiguration;
			buildSettings = {
				ASSETCATALOG_COMPILER_APPICON_NAME = AppIcon;
				ASSETCATALOG_COMPILER_LAUNCHIMAGE_NAME = LaunchImage;
				INFOPLIST_FILE = WatchKitMapView/Info.plist;
				LD_RUNPATH_SEARCH_PATHS = "$(inherited) @executable_path/Frameworks";
				PRODUCT_NAME = "$(TARGET_NAME)";
			};
			name = Debug;
		};
		75D4BDA21B0DBCB2006E2FC9 /* Release */ = {
			isa = XCBuildConfiguration;
			buildSettings = {
				ASSETCATALOG_COMPILER_APPICON_NAME = AppIcon;
				ASSETCATALOG_COMPILER_LAUNCHIMAGE_NAME = LaunchImage;
				INFOPLIST_FILE = WatchKitMapView/Info.plist;
				LD_RUNPATH_SEARCH_PATHS = "$(inherited) @executable_path/Frameworks";
				PRODUCT_NAME = "$(TARGET_NAME)";
			};
			name = Release;
		};
		75D4BDA41B0DBCB2006E2FC9 /* Debug */ = {
			isa = XCBuildConfiguration;
			buildSettings = {
				BUNDLE_LOADER = "$(TEST_HOST)";
				FRAMEWORK_SEARCH_PATHS = (
					"$(SDKROOT)/Developer/Library/Frameworks",
					"$(inherited)",
				);
				GCC_PREPROCESSOR_DEFINITIONS = (
					"DEBUG=1",
					"$(inherited)",
				);
				INFOPLIST_FILE = WatchKitMapViewTests/Info.plist;
				LD_RUNPATH_SEARCH_PATHS = "$(inherited) @executable_path/Frameworks @loader_path/Frameworks";
				PRODUCT_NAME = "$(TARGET_NAME)";
				TEST_HOST = "$(BUILT_PRODUCTS_DIR)/WatchKitMapView.app/WatchKitMapView";
			};
			name = Debug;
		};
		75D4BDA51B0DBCB2006E2FC9 /* Release */ = {
			isa = XCBuildConfiguration;
			buildSettings = {
				BUNDLE_LOADER = "$(TEST_HOST)";
				FRAMEWORK_SEARCH_PATHS = (
					"$(SDKROOT)/Developer/Library/Frameworks",
					"$(inherited)",
				);
				INFOPLIST_FILE = WatchKitMapViewTests/Info.plist;
				LD_RUNPATH_SEARCH_PATHS = "$(inherited) @executable_path/Frameworks @loader_path/Frameworks";
				PRODUCT_NAME = "$(TARGET_NAME)";
				TEST_HOST = "$(BUILT_PRODUCTS_DIR)/WatchKitMapView.app/WatchKitMapView";
			};
			name = Release;
		};
		75D4BDC51B0DBD15006E2FC9 /* Debug */ = {
			isa = XCBuildConfiguration;
			buildSettings = {
				ASSETCATALOG_COMPILER_APPICON_NAME = AppIcon;
				GCC_PREPROCESSOR_DEFINITIONS = (
					"DEBUG=1",
					"$(inherited)",
				);
				IBSC_MODULE = WatchKitMapView_WatchKit_Extension;
				INFOPLIST_FILE = "WatchKitMapView WatchKit App/Info.plist";
				IPHONEOS_DEPLOYMENT_TARGET = 8.2;
				PRODUCT_NAME = "$(TARGET_NAME)";
				SKIP_INSTALL = YES;
				TARGETED_DEVICE_FAMILY = 4;
				"TARGETED_DEVICE_FAMILY[sdk=iphonesimulator*]" = "1,4";
			};
			name = Debug;
		};
		75D4BDC61B0DBD15006E2FC9 /* Release */ = {
			isa = XCBuildConfiguration;
			buildSettings = {
				ASSETCATALOG_COMPILER_APPICON_NAME = AppIcon;
				IBSC_MODULE = WatchKitMapView_WatchKit_Extension;
				INFOPLIST_FILE = "WatchKitMapView WatchKit App/Info.plist";
				IPHONEOS_DEPLOYMENT_TARGET = 8.2;
				PRODUCT_NAME = "$(TARGET_NAME)";
				SKIP_INSTALL = YES;
				TARGETED_DEVICE_FAMILY = 4;
				"TARGETED_DEVICE_FAMILY[sdk=iphonesimulator*]" = "1,4";
			};
			name = Release;
		};
		75D4BDC81B0DBD15006E2FC9 /* Debug */ = {
			isa = XCBuildConfiguration;
			buildSettings = {
				GCC_PREPROCESSOR_DEFINITIONS = (
					"DEBUG=1",
					"$(inherited)",
				);
				INFOPLIST_FILE = "WatchKitMapView WatchKit Extension/Info.plist";
				LD_RUNPATH_SEARCH_PATHS = "$(inherited) @executable_path/Frameworks @executable_path/../../Frameworks";
				PRODUCT_NAME = "${TARGET_NAME}";
				SKIP_INSTALL = YES;
			};
			name = Debug;
		};
		75D4BDC91B0DBD15006E2FC9 /* Release */ = {
			isa = XCBuildConfiguration;
			buildSettings = {
				INFOPLIST_FILE = "WatchKitMapView WatchKit Extension/Info.plist";
				LD_RUNPATH_SEARCH_PATHS = "$(inherited) @executable_path/Frameworks @executable_path/../../Frameworks";
				PRODUCT_NAME = "${TARGET_NAME}";
				SKIP_INSTALL = YES;
			};
			name = Release;
		};
/* End XCBuildConfiguration section */

/* Begin XCConfigurationList section */
		75D4BD781B0DBCB2006E2FC9 /* Build configuration list for PBXProject "WatchKitMapView" */ = {
			isa = XCConfigurationList;
			buildConfigurations = (
				75D4BD9E1B0DBCB2006E2FC9 /* Debug */,
				75D4BD9F1B0DBCB2006E2FC9 /* Release */,
			);
			defaultConfigurationIsVisible = 0;
			defaultConfigurationName = Release;
		};
		75D4BDA01B0DBCB2006E2FC9 /* Build configuration list for PBXNativeTarget "WatchKitMapView" */ = {
			isa = XCConfigurationList;
			buildConfigurations = (
				75D4BDA11B0DBCB2006E2FC9 /* Debug */,
				75D4BDA21B0DBCB2006E2FC9 /* Release */,
			);
			defaultConfigurationIsVisible = 0;
		};
		75D4BDA31B0DBCB2006E2FC9 /* Build configuration list for PBXNativeTarget "WatchKitMapViewTests" */ = {
			isa = XCConfigurationList;
			buildConfigurations = (
				75D4BDA41B0DBCB2006E2FC9 /* Debug */,
				75D4BDA51B0DBCB2006E2FC9 /* Release */,
			);
			defaultConfigurationIsVisible = 0;
		};
		75D4BDC41B0DBD15006E2FC9 /* Build configuration list for PBXNativeTarget "WatchKitMapView WatchKit App" */ = {
			isa = XCConfigurationList;
			buildConfigurations = (
				75D4BDC51B0DBD15006E2FC9 /* Debug */,
				75D4BDC61B0DBD15006E2FC9 /* Release */,
			);
			defaultConfigurationIsVisible = 0;
		};
		75D4BDC71B0DBD15006E2FC9 /* Build configuration list for PBXNativeTarget "WatchKitMapView WatchKit Extension" */ = {
			isa = XCConfigurationList;
			buildConfigurations = (
				75D4BDC81B0DBD15006E2FC9 /* Debug */,
				75D4BDC91B0DBD15006E2FC9 /* Release */,
			);
			defaultConfigurationIsVisible = 0;
		};
/* End XCConfigurationList section */
	};
	rootObject = 75D4BD751B0DBCB2006E2FC9 /* Project object */;
}
